
Microsoft Visual Studio Solution File, Format Version 12.00
Project("{FAE04EC0-301F-11D3-BF4B-00C04F79EFBC}") = "Playground.Zerg", "Playground.Zerg\Playground.Zerg.csproj", "{47BC31EF-961F-4244-877C-350D9B2C5E44}"
EndProject
Project("{FAE04EC0-301F-11D3-BF4B-00C04F79EFBC}") = "zerg", "zerg\zerg.csproj", "{4CC89CE5-47F6-44B4-8B56-E1145854F9F4}"
EndProject
Project("{FAE04EC0-301F-11D3-BF4B-00C04F79EFBC}") = "Examples", "Examples\Examples.csproj", "{CD553753-D396-4AB9-A24B-7DBD0C6E2408}"
EndProject
Project("{FAE04EC0-301F-11D3-BF4B-00C04F79EFBC}") = "Tests", "Tests\Tests.csproj", "{80CF5BC8-6CB3-42FC-A6FB-F7EDD1B4BA70}"
EndProject
Project("{FAE04EC0-301F-11D3-BF4B-00C04F79EFBC}") = "terraform", "terraform\terraform.csproj", "{F208242F-F49F-46BE-B2EC-4E51A2D42C2E}"
EndProject
Project("{FAE04EC0-301F-11D3-BF4B-00C04F79EFBC}") = "Playground.Terraform", "Playground.Terraform\Playground.Terraform.csproj", "{5C6279DD-6055-452E-9883-34730C356358}"
EndProject
Project("{FAE04EC0-301F-11D3-BF4B-00C04F79EFBC}") = "core", "core\core.csproj", "{459B3E6F-795A-441A-843C-D7C649E768EA}"
EndProject
Project("{FAE04EC0-301F-11D3-BF4B-00C04F79EFBC}") = "ExternalExampleZerg", "ExternalExampleZerg\ExternalExampleZerg.csproj", "{F6184F5C-55D9-43D9-B210-016805046E00}"
EndProject
Project("{FAE04EC0-301F-11D3-BF4B-00C04F79EFBC}") = "ExternalExampleTerraform", "ExternalExampleTerraform\ExternalExampleTerraform.csproj", "{A8C00B59-CD96-4765-815E-B782045285DB}"
EndProject
Project("{FAE04EC0-301F-11D3-BF4B-00C04F79EFBC}") = "Minima", "Minima\Minima.csproj", "{B7E5C8A0-3F4D-4A9E-9C8D-1A2B3C4D5E6F}"
EndProject
Project("{FAE04EC0-301F-11D3-BF4B-00C04F79EFBC}") = "Myr", "Myr\Myr.csproj", "{8BDCB468-386F-4E9B-BFE9-FE803F9316CB}"
EndProject
Project("{FAE04EC0-301F-11D3-BF4B-00C04F79EFBC}") = "rtr", "rtr\rtr.csproj", "{C7A1B2D3-E4F5-6789-ABCD-EF0123456789}"
EndProject
Project("{FAE04EC0-301F-11D3-BF4B-00C04F79EFBC}") = "Playground.Rtr", "Playground.Rtr\Playground.Rtr.csproj", "{6D55C29A-9CB1-4DD1-BCF2-2A9B3AFC4625}"
EndProject
Project("{FAE04EC0-301F-11D3-BF4B-00C04F79EFBC}") = "KestrelZerg", "KestrelZerg\KestrelZerg.csproj", "{1A2B3C4D-5E6F-7890-ABCD-EF0123456789}"
EndProject
Project("{FAE04EC0-301F-11D3-BF4B-00C04F79EFBC}") = "KestrelZerg.Demo", "KestrelZerg.Demo\KestrelZerg.Demo.csproj", "{2B3C4D5E-6F70-8901-BCDE-F01234567890}"
EndProject
Project("{FAE04EC0-301F-11D3-BF4B-00C04F79EFBC}") = "dogrider", "dogrider\dogrider.csproj", "{3C4D5E6F-7081-9012-CDEF-012345678901}"
EndProject
Project("{FAE04EC0-301F-11D3-BF4B-00C04F79EFBC}") = "dogrider.Demo", "dogrider.Demo\dogrider.Demo.csproj", "{4D5E6F70-8192-A013-DEF0-123456789012}"
EndProject
Project("{FAE04EC0-301F-11D3-BF4B-00C04F79EFBC}") = "core2", "core2\core2.csproj", "{93BF7F47-29BC-4B53-91F1-D39E27C98DF4}"
EndProject
Global
	GlobalSection(SolutionConfigurationPlatforms) = preSolution
		Debug|Any CPU = Debug|Any CPU
		Debug|x64 = Debug|x64
		Debug|x86 = Debug|x86
		Release|Any CPU = Release|Any CPU
		Release|x64 = Release|x64
		Release|x86 = Release|x86
	EndGlobalSection
	GlobalSection(ProjectConfigurationPlatforms) = postSolution
		{47BC31EF-961F-4244-877C-350D9B2C5E44}.Debug|Any CPU.ActiveCfg = Debug|Any CPU
		{47BC31EF-961F-4244-877C-350D9B2C5E44}.Debug|Any CPU.Build.0 = Debug|Any CPU
		{47BC31EF-961F-4244-877C-350D9B2C5E44}.Debug|x64.ActiveCfg = Debug|Any CPU
		{47BC31EF-961F-4244-877C-350D9B2C5E44}.Debug|x64.Build.0 = Debug|Any CPU
		{47BC31EF-961F-4244-877C-350D9B2C5E44}.Debug|x86.ActiveCfg = Debug|Any CPU
		{47BC31EF-961F-4244-877C-350D9B2C5E44}.Debug|x86.Build.0 = Debug|Any CPU
		{47BC31EF-961F-4244-877C-350D9B2C5E44}.Release|Any CPU.ActiveCfg = Release|Any CPU
		{47BC31EF-961F-4244-877C-350D9B2C5E44}.Release|Any CPU.Build.0 = Release|Any CPU
		{47BC31EF-961F-4244-877C-350D9B2C5E44}.Release|x64.ActiveCfg = Release|Any CPU
		{47BC31EF-961F-4244-877C-350D9B2C5E44}.Release|x64.Build.0 = Release|Any CPU
		{47BC31EF-961F-4244-877C-350D9B2C5E44}.Release|x86.ActiveCfg = Release|Any CPU
		{47BC31EF-961F-4244-877C-350D9B2C5E44}.Release|x86.Build.0 = Release|Any CPU
		{4CC89CE5-47F6-44B4-8B56-E1145854F9F4}.Debug|Any CPU.ActiveCfg = Debug|Any CPU
		{4CC89CE5-47F6-44B4-8B56-E1145854F9F4}.Debug|Any CPU.Build.0 = Debug|Any CPU
		{4CC89CE5-47F6-44B4-8B56-E1145854F9F4}.Debug|x64.ActiveCfg = Debug|Any CPU
		{4CC89CE5-47F6-44B4-8B56-E1145854F9F4}.Debug|x64.Build.0 = Debug|Any CPU
		{4CC89CE5-47F6-44B4-8B56-E1145854F9F4}.Debug|x86.ActiveCfg = Debug|Any CPU
		{4CC89CE5-47F6-44B4-8B56-E1145854F9F4}.Debug|x86.Build.0 = Debug|Any CPU
		{4CC89CE5-47F6-44B4-8B56-E1145854F9F4}.Release|Any CPU.ActiveCfg = Release|Any CPU
		{4CC89CE5-47F6-44B4-8B56-E1145854F9F4}.Release|Any CPU.Build.0 = Release|Any CPU
		{4CC89CE5-47F6-44B4-8B56-E1145854F9F4}.Release|x64.ActiveCfg = Release|Any CPU
		{4CC89CE5-47F6-44B4-8B56-E1145854F9F4}.Release|x64.Build.0 = Release|Any CPU
		{4CC89CE5-47F6-44B4-8B56-E1145854F9F4}.Release|x86.ActiveCfg = Release|Any CPU
		{4CC89CE5-47F6-44B4-8B56-E1145854F9F4}.Release|x86.Build.0 = Release|Any CPU
		{CD553753-D396-4AB9-A24B-7DBD0C6E2408}.Debug|Any CPU.ActiveCfg = Debug|Any CPU
		{CD553753-D396-4AB9-A24B-7DBD0C6E2408}.Debug|Any CPU.Build.0 = Debug|Any CPU
		{CD553753-D396-4AB9-A24B-7DBD0C6E2408}.Debug|x64.ActiveCfg = Debug|Any CPU
		{CD553753-D396-4AB9-A24B-7DBD0C6E2408}.Debug|x64.Build.0 = Debug|Any CPU
		{CD553753-D396-4AB9-A24B-7DBD0C6E2408}.Debug|x86.ActiveCfg = Debug|Any CPU
		{CD553753-D396-4AB9-A24B-7DBD0C6E2408}.Debug|x86.Build.0 = Debug|Any CPU
		{CD553753-D396-4AB9-A24B-7DBD0C6E2408}.Release|Any CPU.ActiveCfg = Release|Any CPU
		{CD553753-D396-4AB9-A24B-7DBD0C6E2408}.Release|Any CPU.Build.0 = Release|Any CPU
		{CD553753-D396-4AB9-A24B-7DBD0C6E2408}.Release|x64.ActiveCfg = Release|Any CPU
		{CD553753-D396-4AB9-A24B-7DBD0C6E2408}.Release|x64.Build.0 = Release|Any CPU
		{CD553753-D396-4AB9-A24B-7DBD0C6E2408}.Release|x86.ActiveCfg = Release|Any CPU
		{CD553753-D396-4AB9-A24B-7DBD0C6E2408}.Release|x86.Build.0 = Release|Any CPU
		{80CF5BC8-6CB3-42FC-A6FB-F7EDD1B4BA70}.Debug|Any CPU.ActiveCfg = Debug|Any CPU
		{80CF5BC8-6CB3-42FC-A6FB-F7EDD1B4BA70}.Debug|Any CPU.Build.0 = Debug|Any CPU
		{80CF5BC8-6CB3-42FC-A6FB-F7EDD1B4BA70}.Debug|x64.ActiveCfg = Debug|Any CPU
		{80CF5BC8-6CB3-42FC-A6FB-F7EDD1B4BA70}.Debug|x64.Build.0 = Debug|Any CPU
		{80CF5BC8-6CB3-42FC-A6FB-F7EDD1B4BA70}.Debug|x86.ActiveCfg = Debug|Any CPU
		{80CF5BC8-6CB3-42FC-A6FB-F7EDD1B4BA70}.Debug|x86.Build.0 = Debug|Any CPU
		{80CF5BC8-6CB3-42FC-A6FB-F7EDD1B4BA70}.Release|Any CPU.ActiveCfg = Release|Any CPU
		{80CF5BC8-6CB3-42FC-A6FB-F7EDD1B4BA70}.Release|Any CPU.Build.0 = Release|Any CPU
		{80CF5BC8-6CB3-42FC-A6FB-F7EDD1B4BA70}.Release|x64.ActiveCfg = Release|Any CPU
		{80CF5BC8-6CB3-42FC-A6FB-F7EDD1B4BA70}.Release|x64.Build.0 = Release|Any CPU
		{80CF5BC8-6CB3-42FC-A6FB-F7EDD1B4BA70}.Release|x86.ActiveCfg = Release|Any CPU
		{80CF5BC8-6CB3-42FC-A6FB-F7EDD1B4BA70}.Release|x86.Build.0 = Release|Any CPU
		{F208242F-F49F-46BE-B2EC-4E51A2D42C2E}.Debug|Any CPU.ActiveCfg = Debug|Any CPU
		{F208242F-F49F-46BE-B2EC-4E51A2D42C2E}.Debug|Any CPU.Build.0 = Debug|Any CPU
		{F208242F-F49F-46BE-B2EC-4E51A2D42C2E}.Debug|x64.ActiveCfg = Debug|Any CPU
		{F208242F-F49F-46BE-B2EC-4E51A2D42C2E}.Debug|x64.Build.0 = Debug|Any CPU
		{F208242F-F49F-46BE-B2EC-4E51A2D42C2E}.Debug|x86.ActiveCfg = Debug|Any CPU
		{F208242F-F49F-46BE-B2EC-4E51A2D42C2E}.Debug|x86.Build.0 = Debug|Any CPU
		{F208242F-F49F-46BE-B2EC-4E51A2D42C2E}.Release|Any CPU.ActiveCfg = Release|Any CPU
		{F208242F-F49F-46BE-B2EC-4E51A2D42C2E}.Release|Any CPU.Build.0 = Release|Any CPU
		{F208242F-F49F-46BE-B2EC-4E51A2D42C2E}.Release|x64.ActiveCfg = Release|Any CPU
		{F208242F-F49F-46BE-B2EC-4E51A2D42C2E}.Release|x64.Build.0 = Release|Any CPU
		{F208242F-F49F-46BE-B2EC-4E51A2D42C2E}.Release|x86.ActiveCfg = Release|Any CPU
		{F208242F-F49F-46BE-B2EC-4E51A2D42C2E}.Release|x86.Build.0 = Release|Any CPU
		{5C6279DD-6055-452E-9883-34730C356358}.Debug|Any CPU.ActiveCfg = Debug|Any CPU
		{5C6279DD-6055-452E-9883-34730C356358}.Debug|Any CPU.Build.0 = Debug|Any CPU
		{5C6279DD-6055-452E-9883-34730C356358}.Debug|x64.ActiveCfg = Debug|Any CPU
		{5C6279DD-6055-452E-9883-34730C356358}.Debug|x64.Build.0 = Debug|Any CPU
		{5C6279DD-6055-452E-9883-34730C356358}.Debug|x86.ActiveCfg = Debug|Any CPU
		{5C6279DD-6055-452E-9883-34730C356358}.Debug|x86.Build.0 = Debug|Any CPU
		{5C6279DD-6055-452E-9883-34730C356358}.Release|Any CPU.ActiveCfg = Release|Any CPU
		{5C6279DD-6055-452E-9883-34730C356358}.Release|Any CPU.Build.0 = Release|Any CPU
		{5C6279DD-6055-452E-9883-34730C356358}.Release|x64.ActiveCfg = Release|Any CPU
		{5C6279DD-6055-452E-9883-34730C356358}.Release|x64.Build.0 = Release|Any CPU
		{5C6279DD-6055-452E-9883-34730C356358}.Release|x86.ActiveCfg = Release|Any CPU
		{5C6279DD-6055-452E-9883-34730C356358}.Release|x86.Build.0 = Release|Any CPU
		{459B3E6F-795A-441A-843C-D7C649E768EA}.Debug|Any CPU.ActiveCfg = Debug|Any CPU
		{459B3E6F-795A-441A-843C-D7C649E768EA}.Debug|Any CPU.Build.0 = Debug|Any CPU
		{459B3E6F-795A-441A-843C-D7C649E768EA}.Debug|x64.ActiveCfg = Debug|Any CPU
		{459B3E6F-795A-441A-843C-D7C649E768EA}.Debug|x64.Build.0 = Debug|Any CPU
		{459B3E6F-795A-441A-843C-D7C649E768EA}.Debug|x86.ActiveCfg = Debug|Any CPU
		{459B3E6F-795A-441A-843C-D7C649E768EA}.Debug|x86.Build.0 = Debug|Any CPU
		{459B3E6F-795A-441A-843C-D7C649E768EA}.Release|Any CPU.ActiveCfg = Release|Any CPU
		{459B3E6F-795A-441A-843C-D7C649E768EA}.Release|Any CPU.Build.0 = Release|Any CPU
		{459B3E6F-795A-441A-843C-D7C649E768EA}.Release|x64.ActiveCfg = Release|Any CPU
		{459B3E6F-795A-441A-843C-D7C649E768EA}.Release|x64.Build.0 = Release|Any CPU
		{459B3E6F-795A-441A-843C-D7C649E768EA}.Release|x86.ActiveCfg = Release|Any CPU
		{459B3E6F-795A-441A-843C-D7C649E768EA}.Release|x86.Build.0 = Release|Any CPU
		{F6184F5C-55D9-43D9-B210-016805046E00}.Debug|Any CPU.ActiveCfg = Debug|Any CPU
		{F6184F5C-55D9-43D9-B210-016805046E00}.Debug|Any CPU.Build.0 = Debug|Any CPU
		{F6184F5C-55D9-43D9-B210-016805046E00}.Debug|x64.ActiveCfg = Debug|Any CPU
		{F6184F5C-55D9-43D9-B210-016805046E00}.Debug|x64.Build.0 = Debug|Any CPU
		{F6184F5C-55D9-43D9-B210-016805046E00}.Debug|x86.ActiveCfg = Debug|Any CPU
		{F6184F5C-55D9-43D9-B210-016805046E00}.Debug|x86.Build.0 = Debug|Any CPU
		{F6184F5C-55D9-43D9-B210-016805046E00}.Release|Any CPU.ActiveCfg = Release|Any CPU
		{F6184F5C-55D9-43D9-B210-016805046E00}.Release|Any CPU.Build.0 = Release|Any CPU
		{F6184F5C-55D9-43D9-B210-016805046E00}.Release|x64.ActiveCfg = Release|Any CPU
		{F6184F5C-55D9-43D9-B210-016805046E00}.Release|x64.Build.0 = Release|Any CPU
		{F6184F5C-55D9-43D9-B210-016805046E00}.Release|x86.ActiveCfg = Release|Any CPU
		{F6184F5C-55D9-43D9-B210-016805046E00}.Release|x86.Build.0 = Release|Any CPU
		{A8C00B59-CD96-4765-815E-B782045285DB}.Debug|Any CPU.ActiveCfg = Debug|Any CPU
		{A8C00B59-CD96-4765-815E-B782045285DB}.Debug|Any CPU.Build.0 = Debug|Any CPU
		{A8C00B59-CD96-4765-815E-B782045285DB}.Debug|x64.ActiveCfg = Debug|Any CPU
		{A8C00B59-CD96-4765-815E-B782045285DB}.Debug|x64.Build.0 = Debug|Any CPU
		{A8C00B59-CD96-4765-815E-B782045285DB}.Debug|x86.ActiveCfg = Debug|Any CPU
		{A8C00B59-CD96-4765-815E-B782045285DB}.Debug|x86.Build.0 = Debug|Any CPU
		{A8C00B59-CD96-4765-815E-B782045285DB}.Release|Any CPU.ActiveCfg = Release|Any CPU
		{A8C00B59-CD96-4765-815E-B782045285DB}.Release|Any CPU.Build.0 = Release|Any CPU
		{A8C00B59-CD96-4765-815E-B782045285DB}.Release|x64.ActiveCfg = Release|Any CPU
		{A8C00B59-CD96-4765-815E-B782045285DB}.Release|x64.Build.0 = Release|Any CPU
		{A8C00B59-CD96-4765-815E-B782045285DB}.Release|x86.ActiveCfg = Release|Any CPU
		{A8C00B59-CD96-4765-815E-B782045285DB}.Release|x86.Build.0 = Release|Any CPU
		{B7E5C8A0-3F4D-4A9E-9C8D-1A2B3C4D5E6F}.Debug|Any CPU.ActiveCfg = Debug|Any CPU
		{B7E5C8A0-3F4D-4A9E-9C8D-1A2B3C4D5E6F}.Debug|Any CPU.Build.0 = Debug|Any CPU
		{B7E5C8A0-3F4D-4A9E-9C8D-1A2B3C4D5E6F}.Debug|x64.ActiveCfg = Debug|Any CPU
		{B7E5C8A0-3F4D-4A9E-9C8D-1A2B3C4D5E6F}.Debug|x64.Build.0 = Debug|Any CPU
		{B7E5C8A0-3F4D-4A9E-9C8D-1A2B3C4D5E6F}.Debug|x86.ActiveCfg = Debug|Any CPU
		{B7E5C8A0-3F4D-4A9E-9C8D-1A2B3C4D5E6F}.Debug|x86.Build.0 = Debug|Any CPU
		{B7E5C8A0-3F4D-4A9E-9C8D-1A2B3C4D5E6F}.Release|Any CPU.ActiveCfg = Release|Any CPU
		{B7E5C8A0-3F4D-4A9E-9C8D-1A2B3C4D5E6F}.Release|Any CPU.Build.0 = Release|Any CPU
		{B7E5C8A0-3F4D-4A9E-9C8D-1A2B3C4D5E6F}.Release|x64.ActiveCfg = Release|Any CPU
		{B7E5C8A0-3F4D-4A9E-9C8D-1A2B3C4D5E6F}.Release|x64.Build.0 = Release|Any CPU
		{B7E5C8A0-3F4D-4A9E-9C8D-1A2B3C4D5E6F}.Release|x86.ActiveCfg = Release|Any CPU
		{B7E5C8A0-3F4D-4A9E-9C8D-1A2B3C4D5E6F}.Release|x86.Build.0 = Release|Any CPU
		{8BDCB468-386F-4E9B-BFE9-FE803F9316CB}.Debug|Any CPU.ActiveCfg = Debug|Any CPU
		{8BDCB468-386F-4E9B-BFE9-FE803F9316CB}.Debug|Any CPU.Build.0 = Debug|Any CPU
		{8BDCB468-386F-4E9B-BFE9-FE803F9316CB}.Debug|x64.ActiveCfg = Debug|Any CPU
		{8BDCB468-386F-4E9B-BFE9-FE803F9316CB}.Debug|x64.Build.0 = Debug|Any CPU
		{8BDCB468-386F-4E9B-BFE9-FE803F9316CB}.Debug|x86.ActiveCfg = Debug|Any CPU
		{8BDCB468-386F-4E9B-BFE9-FE803F9316CB}.Debug|x86.Build.0 = Debug|Any CPU
		{8BDCB468-386F-4E9B-BFE9-FE803F9316CB}.Release|Any CPU.ActiveCfg = Release|Any CPU
		{8BDCB468-386F-4E9B-BFE9-FE803F9316CB}.Release|Any CPU.Build.0 = Release|Any CPU
		{8BDCB468-386F-4E9B-BFE9-FE803F9316CB}.Release|x64.ActiveCfg = Release|Any CPU
		{8BDCB468-386F-4E9B-BFE9-FE803F9316CB}.Release|x64.Build.0 = Release|Any CPU
		{8BDCB468-386F-4E9B-BFE9-FE803F9316CB}.Release|x86.ActiveCfg = Release|Any CPU
		{8BDCB468-386F-4E9B-BFE9-FE803F9316CB}.Release|x86.Build.0 = Release|Any CPU
		{C7A1B2D3-E4F5-6789-ABCD-EF0123456789}.Debug|Any CPU.ActiveCfg = Debug|Any CPU
		{C7A1B2D3-E4F5-6789-ABCD-EF0123456789}.Debug|Any CPU.Build.0 = Debug|Any CPU
		{C7A1B2D3-E4F5-6789-ABCD-EF0123456789}.Debug|x64.ActiveCfg = Debug|Any CPU
		{C7A1B2D3-E4F5-6789-ABCD-EF0123456789}.Debug|x64.Build.0 = Debug|Any CPU
		{C7A1B2D3-E4F5-6789-ABCD-EF0123456789}.Debug|x86.ActiveCfg = Debug|Any CPU
		{C7A1B2D3-E4F5-6789-ABCD-EF0123456789}.Debug|x86.Build.0 = Debug|Any CPU
		{C7A1B2D3-E4F5-6789-ABCD-EF0123456789}.Release|Any CPU.ActiveCfg = Release|Any CPU
		{C7A1B2D3-E4F5-6789-ABCD-EF0123456789}.Release|Any CPU.Build.0 = Release|Any CPU
		{C7A1B2D3-E4F5-6789-ABCD-EF0123456789}.Release|x64.ActiveCfg = Release|Any CPU
		{C7A1B2D3-E4F5-6789-ABCD-EF0123456789}.Release|x64.Build.0 = Release|Any CPU
		{C7A1B2D3-E4F5-6789-ABCD-EF0123456789}.Release|x86.ActiveCfg = Release|Any CPU
		{C7A1B2D3-E4F5-6789-ABCD-EF0123456789}.Release|x86.Build.0 = Release|Any CPU
		{6D55C29A-9CB1-4DD1-BCF2-2A9B3AFC4625}.Debug|Any CPU.ActiveCfg = Debug|Any CPU
		{6D55C29A-9CB1-4DD1-BCF2-2A9B3AFC4625}.Debug|Any CPU.Build.0 = Debug|Any CPU
		{6D55C29A-9CB1-4DD1-BCF2-2A9B3AFC4625}.Debug|x64.ActiveCfg = Debug|Any CPU
		{6D55C29A-9CB1-4DD1-BCF2-2A9B3AFC4625}.Debug|x64.Build.0 = Debug|Any CPU
		{6D55C29A-9CB1-4DD1-BCF2-2A9B3AFC4625}.Debug|x86.ActiveCfg = Debug|Any CPU
		{6D55C29A-9CB1-4DD1-BCF2-2A9B3AFC4625}.Debug|x86.Build.0 = Debug|Any CPU
		{6D55C29A-9CB1-4DD1-BCF2-2A9B3AFC4625}.Release|Any CPU.ActiveCfg = Release|Any CPU
		{6D55C29A-9CB1-4DD1-BCF2-2A9B3AFC4625}.Release|Any CPU.Build.0 = Release|Any CPU
		{6D55C29A-9CB1-4DD1-BCF2-2A9B3AFC4625}.Release|x64.ActiveCfg = Release|Any CPU
		{6D55C29A-9CB1-4DD1-BCF2-2A9B3AFC4625}.Release|x64.Build.0 = Release|Any CPU
		{6D55C29A-9CB1-4DD1-BCF2-2A9B3AFC4625}.Release|x86.ActiveCfg = Release|Any CPU
		{6D55C29A-9CB1-4DD1-BCF2-2A9B3AFC4625}.Release|x86.Build.0 = Release|Any CPU
		{1A2B3C4D-5E6F-7890-ABCD-EF0123456789}.Debug|Any CPU.ActiveCfg = Debug|Any CPU
		{1A2B3C4D-5E6F-7890-ABCD-EF0123456789}.Debug|Any CPU.Build.0 = Debug|Any CPU
		{1A2B3C4D-5E6F-7890-ABCD-EF0123456789}.Debug|x64.ActiveCfg = Debug|Any CPU
		{1A2B3C4D-5E6F-7890-ABCD-EF0123456789}.Debug|x64.Build.0 = Debug|Any CPU
		{1A2B3C4D-5E6F-7890-ABCD-EF0123456789}.Debug|x86.ActiveCfg = Debug|Any CPU
		{1A2B3C4D-5E6F-7890-ABCD-EF0123456789}.Debug|x86.Build.0 = Debug|Any CPU
		{1A2B3C4D-5E6F-7890-ABCD-EF0123456789}.Release|Any CPU.ActiveCfg = Release|Any CPU
		{1A2B3C4D-5E6F-7890-ABCD-EF0123456789}.Release|Any CPU.Build.0 = Release|Any CPU
		{1A2B3C4D-5E6F-7890-ABCD-EF0123456789}.Release|x64.ActiveCfg = Release|Any CPU
		{1A2B3C4D-5E6F-7890-ABCD-EF0123456789}.Release|x64.Build.0 = Release|Any CPU
		{1A2B3C4D-5E6F-7890-ABCD-EF0123456789}.Release|x86.ActiveCfg = Release|Any CPU
		{1A2B3C4D-5E6F-7890-ABCD-EF0123456789}.Release|x86.Build.0 = Release|Any CPU
		{2B3C4D5E-6F70-8901-BCDE-F01234567890}.Debug|Any CPU.ActiveCfg = Debug|Any CPU
		{2B3C4D5E-6F70-8901-BCDE-F01234567890}.Debug|Any CPU.Build.0 = Debug|Any CPU
		{2B3C4D5E-6F70-8901-BCDE-F01234567890}.Debug|x64.ActiveCfg = Debug|Any CPU
		{2B3C4D5E-6F70-8901-BCDE-F01234567890}.Debug|x64.Build.0 = Debug|Any CPU
		{2B3C4D5E-6F70-8901-BCDE-F01234567890}.Debug|x86.ActiveCfg = Debug|Any CPU
		{2B3C4D5E-6F70-8901-BCDE-F01234567890}.Debug|x86.Build.0 = Debug|Any CPU
		{2B3C4D5E-6F70-8901-BCDE-F01234567890}.Release|Any CPU.ActiveCfg = Release|Any CPU
		{2B3C4D5E-6F70-8901-BCDE-F01234567890}.Release|Any CPU.Build.0 = Release|Any CPU
		{2B3C4D5E-6F70-8901-BCDE-F01234567890}.Release|x64.ActiveCfg = Release|Any CPU
		{2B3C4D5E-6F70-8901-BCDE-F01234567890}.Release|x64.Build.0 = Release|Any CPU
		{2B3C4D5E-6F70-8901-BCDE-F01234567890}.Release|x86.ActiveCfg = Release|Any CPU
		{2B3C4D5E-6F70-8901-BCDE-F01234567890}.Release|x86.Build.0 = Release|Any CPU
		{3C4D5E6F-7081-9012-CDEF-012345678901}.Debug|Any CPU.ActiveCfg = Debug|Any CPU
		{3C4D5E6F-7081-9012-CDEF-012345678901}.Debug|Any CPU.Build.0 = Debug|Any CPU
		{3C4D5E6F-7081-9012-CDEF-012345678901}.Debug|x64.ActiveCfg = Debug|Any CPU
		{3C4D5E6F-7081-9012-CDEF-012345678901}.Debug|x64.Build.0 = Debug|Any CPU
		{3C4D5E6F-7081-9012-CDEF-012345678901}.Debug|x86.ActiveCfg = Debug|Any CPU
		{3C4D5E6F-7081-9012-CDEF-012345678901}.Debug|x86.Build.0 = Debug|Any CPU
		{3C4D5E6F-7081-9012-CDEF-012345678901}.Release|Any CPU.ActiveCfg = Release|Any CPU
		{3C4D5E6F-7081-9012-CDEF-012345678901}.Release|Any CPU.Build.0 = Release|Any CPU
		{3C4D5E6F-7081-9012-CDEF-012345678901}.Release|x64.ActiveCfg = Release|Any CPU
		{3C4D5E6F-7081-9012-CDEF-012345678901}.Release|x64.Build.0 = Release|Any CPU
		{3C4D5E6F-7081-9012-CDEF-012345678901}.Release|x86.ActiveCfg = Release|Any CPU
		{3C4D5E6F-7081-9012-CDEF-012345678901}.Release|x86.Build.0 = Release|Any CPU
		{4D5E6F70-8192-A013-DEF0-123456789012}.Debug|Any CPU.ActiveCfg = Debug|Any CPU
		{4D5E6F70-8192-A013-DEF0-123456789012}.Debug|Any CPU.Build.0 = Debug|Any CPU
		{4D5E6F70-8192-A013-DEF0-123456789012}.Debug|x64.ActiveCfg = Debug|Any CPU
		{4D5E6F70-8192-A013-DEF0-123456789012}.Debug|x64.Build.0 = Debug|Any CPU
		{4D5E6F70-8192-A013-DEF0-123456789012}.Debug|x86.ActiveCfg = Debug|Any CPU
		{4D5E6F70-8192-A013-DEF0-123456789012}.Debug|x86.Build.0 = Debug|Any CPU
		{4D5E6F70-8192-A013-DEF0-123456789012}.Release|Any CPU.ActiveCfg = Release|Any CPU
		{4D5E6F70-8192-A013-DEF0-123456789012}.Release|Any CPU.Build.0 = Release|Any CPU
		{4D5E6F70-8192-A013-DEF0-123456789012}.Release|x64.ActiveCfg = Release|Any CPU
		{4D5E6F70-8192-A013-DEF0-123456789012}.Release|x64.Build.0 = Release|Any CPU
		{4D5E6F70-8192-A013-DEF0-123456789012}.Release|x86.ActiveCfg = Release|Any CPU
		{4D5E6F70-8192-A013-DEF0-123456789012}.Release|x86.Build.0 = Release|Any CPU
		{93BF7F47-29BC-4B53-91F1-D39E27C98DF4}.Debug|Any CPU.ActiveCfg = Debug|Any CPU
		{93BF7F47-29BC-4B53-91F1-D39E27C98DF4}.Debug|Any CPU.Build.0 = Debug|Any CPU
		{93BF7F47-29BC-4B53-91F1-D39E27C98DF4}.Debug|x64.ActiveCfg = Debug|Any CPU
		{93BF7F47-29BC-4B53-91F1-D39E27C98DF4}.Debug|x64.Build.0 = Debug|Any CPU
		{93BF7F47-29BC-4B53-91F1-D39E27C98DF4}.Debug|x86.ActiveCfg = Debug|Any CPU
		{93BF7F47-29BC-4B53-91F1-D39E27C98DF4}.Debug|x86.Build.0 = Debug|Any CPU
		{93BF7F47-29BC-4B53-91F1-D39E27C98DF4}.Release|Any CPU.ActiveCfg = Release|Any CPU
		{93BF7F47-29BC-4B53-91F1-D39E27C98DF4}.Release|Any CPU.Build.0 = Release|Any CPU
		{93BF7F47-29BC-4B53-91F1-D39E27C98DF4}.Release|x64.ActiveCfg = Release|Any CPU
		{93BF7F47-29BC-4B53-91F1-D39E27C98DF4}.Release|x64.Build.0 = Release|Any CPU
		{93BF7F47-29BC-4B53-91F1-D39E27C98DF4}.Release|x86.ActiveCfg = Release|Any CPU
		{93BF7F47-29BC-4B53-91F1-D39E27C98DF4}.Release|x86.Build.0 = Release|Any CPU
	EndGlobalSection
	GlobalSection(SolutionProperties) = preSolution
		HideSolutionNode = FALSE
	EndGlobalSection
EndGlobal
